{
    "_readme": [
        "This file locks the dependencies of your project to a known state",
        "Read more about it at https://getcomposer.org/doc/01-basic-usage.md#installing-dependencies",
        "This file is @generated automatically"
    ],
    "content-hash": "624d2ecc0d69a13a093e4c39b29396fb",
    "packages": [
        {
            "name": "json-structure/sdk",
            "version": "v0.7.0",
            "source": {
                "type": "git",
                "url": "https://github.com/json-structure/sdk.git",
                "reference": "d0f0f6425703ba9c672d230f3d5b03865a9eaf69"
            },
            "dist": {
                "type": "zip",
                "url": "https://api.github.com/repos/json-structure/sdk/zipball/d0f0f6425703ba9c672d230f3d5b03865a9eaf69",
                "reference": "d0f0f6425703ba9c672d230f3d5b03865a9eaf69",
                "shasum": ""
            },
            "require": {
                "php": ">=8.1"
            },
            "type": "library",
            "autoload": {
                "psr-4": {
                    "JsonStructure\\": "php/src/JsonStructure/"
                }
            },
            "notification-url": "https://packagist.org/downloads/",
            "license": [
                "MIT"
            ],
            "authors": [
                {
                    "name": "JSON Structure Project",
                    "email": "info@json-structure.org"
                }
            ],
            "description": "Validators for JSON Structure schemas and instances",
            "homepage": "https://json-structure.org",
            "keywords": [
                "json",
                "json-structure",
                "schema",
                "type-system",
                "validation"
            ],
            "support": {
                "issues": "https://github.com/json-structure/sdk/issues",
                "source": "https://github.com/json-structure/sdk/tree/v0.7.0"
            },
            "time": "2026-06-08T15:20:21+00:00"
        }
    ],
    "packages-dev": [],
    "aliases": [],
    "minimum-stability": "stable",
    "stability-flags": {},
    "prefer-stable": false,
    "prefer-lowest": false,
    "platform": {},
    "platform-dev": {},
    "plugin-api-version": "2.9.0"
}
